// !$*UTF8*$!
{
	archiveVersion = 1;
	classes = {
	};
	objectVersion = 77;
	objects = {

/* Begin PBXBuildFile section */
		351920302DB2ABF200655D25 /* Bundle-Decodable.swift in Sources */ = {isa = PBXBuildFile; fileRef = 3519202F2DB2ABF200655D25 /* Bundle-Decodable.swift */; };
		35258D122D86CDFC005FF24A /* Issue-CoreDataHelper.swift in Sources */ = {isa = PBXBuildFile; fileRef = 35258D112D86CDFC005FF24A /* Issue-CoreDataHelper.swift */; };
		35258D142D86CF27005FF24A /* Tag-CoreDataHelper.swift in Sources */ = {isa = PBXBuildFile; fileRef = 35258D132D86CF27005FF24A /* Tag-CoreDataHelper.swift */; };
		352715BC2D8582AA003C16AB /* ContentView.swift in Sources */ = {isa = PBXBuildFile; fileRef = 352715B32D8582AA003C16AB /* ContentView.swift */; };
		352715BD2D8582AA003C16AB /* DataController.swift in Sources */ = {isa = PBXBuildFile; fileRef = 352715B42D8582AA003C16AB /* DataController.swift */; };
		352715BE2D8582AA003C16AB /* DetailView.swift in Sources */ = {isa = PBXBuildFile; fileRef = 352715B52D8582AA003C16AB /* DetailView.swift */; };
		352715BF2D8582AA003C16AB /* Main.xcdatamodeld in Sources */ = {isa = PBXBuildFile; fileRef = 352715B72D8582AA003C16AB /* Main.xcdatamodeld */; };
		352715C02D8582AA003C16AB /* PortfolioAppApp.swift in Sources */ = {isa = PBXBuildFile; fileRef = 352715B82D8582AA003C16AB /* PortfolioAppApp.swift */; };
		352715C12D8582AA003C16AB /* SidebarView.swift in Sources */ = {isa = PBXBuildFile; fileRef = 352715B92D8582AA003C16AB /* SidebarView.swift */; };
		352715C22D8582AA003C16AB /* Preview Assets.xcassets in Resources */ = {isa = PBXBuildFile; fileRef = 352715B02D8582AA003C16AB /* Preview Assets.xcassets */; };
		352715C32D8582AA003C16AB /* Assets.xcassets in Resources */ = {isa = PBXBuildFile; fileRef = 352715B22D8582AA003C16AB /* Assets.xcassets */; };
		352715C62D858396003C16AB /* Filter.swift in Sources */ = {isa = PBXBuildFile; fileRef = 352715C52D858396003C16AB /* Filter.swift */; };
		355A177A2DC1235600D24A4C /* Awards.json in Resources */ = {isa = PBXBuildFile; fileRef = 355A17792DC1235600D24A4C /* Awards.json */; };
		3560174A2DB4E6F700919498 /* Colors.xcassets in Resources */ = {isa = PBXBuildFile; fileRef = 356017482DB4E6F700919498 /* Colors.xcassets */; };
		3560174C2DB4E86900919498 /* Award.swift in Sources */ = {isa = PBXBuildFile; fileRef = 3560174B2DB4E86900919498 /* Award.swift */; };
		356017502DB4EF0900919498 /* AwardView.swift in Sources */ = {isa = PBXBuildFile; fileRef = 3560174F2DB4EF0900919498 /* AwardView.swift */; };
		356C1F362DBE2B3A00637D66 /* Localizable.xcstrings in Resources */ = {isa = PBXBuildFile; fileRef = 356C1F352DBE2B3900637D66 /* Localizable.xcstrings */; };
		35EC4B612D96EA15009CE385 /* IssueView.swift in Sources */ = {isa = PBXBuildFile; fileRef = 35EC4B602D96EA15009CE385 /* IssueView.swift */; };
		35EC4B632D96EA1E009CE385 /* NoIssueView.swift in Sources */ = {isa = PBXBuildFile; fileRef = 35EC4B622D96EA1E009CE385 /* NoIssueView.swift */; };
		35FB0D372D871807008267EC /* IssueRow.swift in Sources */ = {isa = PBXBuildFile; fileRef = 35FB0D362D871807008267EC /* IssueRow.swift */; };
/* End PBXBuildFile section */

/* Begin PBXFileReference section */
		3519202F2DB2ABF200655D25 /* Bundle-Decodable.swift */ = {isa = PBXFileReference; lastKnownFileType = sourcecode.swift; path = "Bundle-Decodable.swift"; sourceTree = "<group>"; };
		351F24DC2D8488DA00C07C4E /* PortfolioApp.app */ = {isa = PBXFileReference; explicitFileType = wrapper.application; includeInIndex = 0; path = PortfolioApp.app; sourceTree = BUILT_PRODUCTS_DIR; };
		35258D112D86CDFC005FF24A /* Issue-CoreDataHelper.swift */ = {isa = PBXFileReference; lastKnownFileType = sourcecode.swift; path = "Issue-CoreDataHelper.swift"; sourceTree = "<group>"; };
		35258D132D86CF27005FF24A /* Tag-CoreDataHelper.swift */ = {isa = PBXFileReference; lastKnownFileType = sourcecode.swift; path = "Tag-CoreDataHelper.swift"; sourceTree = "<group>"; };
		352715B02D8582AA003C16AB /* Preview Assets.xcassets */ = {isa = PBXFileReference; lastKnownFileType = folder.assetcatalog; path = "Preview Assets.xcassets"; sourceTree = "<group>"; };
		352715B22D8582AA003C16AB /* Assets.xcassets */ = {isa = PBXFileReference; lastKnownFileType = folder.assetcatalog; path = Assets.xcassets; sourceTree = "<group>"; };
		352715B32D8582AA003C16AB /* ContentView.swift */ = {isa = PBXFileReference; lastKnownFileType = sourcecode.swift; path = ContentView.swift; sourceTree = "<group>"; };
		352715B42D8582AA003C16AB /* DataController.swift */ = {isa = PBXFileReference; lastKnownFileType = sourcecode.swift; path = DataController.swift; sourceTree = "<group>"; };
		352715B52D8582AA003C16AB /* DetailView.swift */ = {isa = PBXFileReference; lastKnownFileType = sourcecode.swift; path = DetailView.swift; sourceTree = "<group>"; };
		352715B62D8582AA003C16AB /* Info.plist */ = {isa = PBXFileReference; lastKnownFileType = text.plist.xml; path = Info.plist; sourceTree = "<group>"; };
		352715B82D8582AA003C16AB /* PortfolioAppApp.swift */ = {isa = PBXFileReference; lastKnownFileType = sourcecode.swift; path = PortfolioAppApp.swift; sourceTree = "<group>"; };
		352715B92D8582AA003C16AB /* SidebarView.swift */ = {isa = PBXFileReference; lastKnownFileType = sourcecode.swift; path = SidebarView.swift; sourceTree = "<group>"; };
		352715BB2D8582AA003C16AB /* Main.xcdatamodel */ = {isa = PBXFileReference; lastKnownFileType = wrapper.xcdatamodel; path = Main.xcdatamodel; sourceTree = "<group>"; };
		352715C52D858396003C16AB /* Filter.swift */ = {isa = PBXFileReference; lastKnownFileType = sourcecode.swift; path = Filter.swift; sourceTree = "<group>"; };
		355A17782DC1235600D24A4C /* vi */ = {isa = PBXFileReference; lastKnownFileType = text.json; name = vi; path = vi.lproj/Awards.json; sourceTree = "<group>"; };
		356017482DB4E6F700919498 /* Colors.xcassets */ = {isa = PBXFileReference; lastKnownFileType = folder.assetcatalog; path = Colors.xcassets; sourceTree = "<group>"; };
		3560174B2DB4E86900919498 /* Award.swift */ = {isa = PBXFileReference; lastKnownFileType = sourcecode.swift; path = Award.swift; sourceTree = "<group>"; };
		3560174F2DB4EF0900919498 /* AwardView.swift */ = {isa = PBXFileReference; lastKnownFileType = sourcecode.swift; path = AwardView.swift; sourceTree = "<group>"; };
		356C1F352DBE2B3900637D66 /* Localizable.xcstrings */ = {isa = PBXFileReference; lastKnownFileType = text.json.xcstrings; path = Localizable.xcstrings; sourceTree = "<group>"; };
		35EC4B602D96EA15009CE385 /* IssueView.swift */ = {isa = PBXFileReference; lastKnownFileType = sourcecode.swift; path = IssueView.swift; sourceTree = "<group>"; };
		35EC4B622D96EA1E009CE385 /* NoIssueView.swift */ = {isa = PBXFileReference; lastKnownFileType = sourcecode.swift; path = NoIssueView.swift; sourceTree = "<group>"; };
		35EE64992DC61DCE0029B7BB /* en */ = {isa = PBXFileReference; lastKnownFileType = text.json; name = en; path = en.lproj/Awards.json; sourceTree = "<group>"; };
		35EE649A2DC61DD50029B7BB /* Base */ = {isa = PBXFileReference; lastKnownFileType = text.json; name = Base; path = Base.lproj/Awards.json; sourceTree = "<group>"; };
		35FB0D362D871807008267EC /* IssueRow.swift */ = {isa = PBXFileReference; lastKnownFileType = sourcecode.swift; path = IssueRow.swift; sourceTree = "<group>"; };
/* End PBXFileReference section */

/* Begin PBXFrameworksBuildPhase section */
		351F24D92D8488DA00C07C4E /* Frameworks */ = {
			isa = PBXFrameworksBuildPhase;
			buildActionMask = 2147483647;
			files = (
			);
			runOnlyForDeploymentPostprocessing = 0;
		};
/* End PBXFrameworksBuildPhase section */

/* Begin PBXGroup section */
		351F24D32D8488DA00C07C4E = {
			isa = PBXGroup;
			children = (
				352715BA2D8582AA003C16AB /* PortfolioApp */,
				351F24DD2D8488DA00C07C4E /* Products */,
			);
			sourceTree = "<group>";
		};
		351F24DD2D8488DA00C07C4E /* Products */ = {
			isa = PBXGroup;
			children = (
				351F24DC2D8488DA00C07C4E /* PortfolioApp.app */,
			);
			name = Products;
			sourceTree = "<group>";
		};
		352715B12D8582AA003C16AB /* Preview Content */ = {
			isa = PBXGroup;
			children = (
				352715B02D8582AA003C16AB /* Preview Assets.xcassets */,
			);
			path = "Preview Content";
			sourceTree = "<group>";
		};
		352715BA2D8582AA003C16AB /* PortfolioApp */ = {
			isa = PBXGroup;
			children = (
				352715B62D8582AA003C16AB /* Info.plist */,
				352715B82D8582AA003C16AB /* PortfolioAppApp.swift */,
				352715B92D8582AA003C16AB /* SidebarView.swift */,
				352715C52D858396003C16AB /* Filter.swift */,
				352715B32D8582AA003C16AB /* ContentView.swift */,
				35FB0D362D871807008267EC /* IssueRow.swift */,
				352715B42D8582AA003C16AB /* DataController.swift */,
				352715B52D8582AA003C16AB /* DetailView.swift */,
				35EC4B602D96EA15009CE385 /* IssueView.swift */,
				35EC4B622D96EA1E009CE385 /* NoIssueView.swift */,
				3560174B2DB4E86900919498 /* Award.swift */,
				3560174F2DB4EF0900919498 /* AwardView.swift */,
				35258D112D86CDFC005FF24A /* Issue-CoreDataHelper.swift */,
				35258D132D86CF27005FF24A /* Tag-CoreDataHelper.swift */,
				3519202F2DB2ABF200655D25 /* Bundle-Decodable.swift */,
				355A17792DC1235600D24A4C /* Awards.json */,
				356017482DB4E6F700919498 /* Colors.xcassets */,
				352715B22D8582AA003C16AB /* Assets.xcassets */,
				352715B72D8582AA003C16AB /* Main.xcdatamodeld */,
				352715B12D8582AA003C16AB /* Preview Content */,
				356C1F352DBE2B3900637D66 /* Localizable.xcstrings */,
			);
			path = PortfolioApp;
			sourceTree = "<group>";
		};
/* End PBXGroup section */

/* Begin PBXNativeTarget section */
		351F24DB2D8488DA00C07C4E /* PortfolioApp */ = {
			isa = PBXNativeTarget;
			buildConfigurationList = 351F24EF2D8488DB00C07C4E /* Build configuration list for PBXNativeTarget "PortfolioApp" */;
			buildPhases = (
				351F24D82D8488DA00C07C4E /* Sources */,
				351F24D92D8488DA00C07C4E /* Frameworks */,
				351F24DA2D8488DA00C07C4E /* Resources */,
			);
			buildRules = (
			);
			dependencies = (
			);
			name = PortfolioApp;
			packageProductDependencies = (
			);
			productName = PortfolioApp;
			productReference = 351F24DC2D8488DA00C07C4E /* PortfolioApp.app */;
			productType = "com.apple.product-type.application";
		};
/* End PBXNativeTarget section */

/* Begin PBXProject section */
		351F24D42D8488DA00C07C4E /* Project object */ = {
			isa = PBXProject;
			attributes = {
				BuildIndependentTargetsInParallel = 1;
				LastSwiftUpdateCheck = 1600;
				LastUpgradeCheck = 1600;
				TargetAttributes = {
					351F24DB2D8488DA00C07C4E = {
						CreatedOnToolsVersion = 16.0;
					};
				};
			};
			buildConfigurationList = 351F24D72D8488DA00C07C4E /* Build configuration list for PBXProject "PortfolioApp" */;
			developmentRegion = en;
			hasScannedForEncodings = 0;
			knownRegions = (
				en,
				Base,
				vi,
			);
			mainGroup = 351F24D32D8488DA00C07C4E;
			minimizedProjectReferenceProxies = 1;
			preferredProjectObjectVersion = 77;
			productRefGroup = 351F24DD2D8488DA00C07C4E /* Products */;
			projectDirPath = "";
			projectRoot = "";
			targets = (
				351F24DB2D8488DA00C07C4E /* PortfolioApp */,
			);
		};
/* End PBXProject section */

/* Begin PBXResourcesBuildPhase section */
		351F24DA2D8488DA00C07C4E /* Resources */ = {
			isa = PBXResourcesBuildPhase;
			buildActionMask = 2147483647;
			files = (
				352715C22D8582AA003C16AB /* Preview Assets.xcassets in Resources */,
				356C1F362DBE2B3A00637D66 /* Localizable.xcstrings in Resources */,
				355A177A2DC1235600D24A4C /* Awards.json in Resources */,
				3560174A2DB4E6F700919498 /* Colors.xcassets in Resources */,
				352715C32D8582AA003C16AB /* Assets.xcassets in Resources */,
			);
			runOnlyForDeploymentPostprocessing = 0;
		};
/* End PBXResourcesBuildPhase section */

/* Begin PBXSourcesBuildPhase section */
		351F24D82D8488DA00C07C4E /* Sources */ = {
			isa = PBXSourcesBuildPhase;
			buildActionMask = 2147483647;
			files = (
				352715C62D858396003C16AB /* Filter.swift in Sources */,
				3560174C2DB4E86900919498 /* Award.swift in Sources */,
				352715BC2D8582AA003C16AB /* ContentView.swift in Sources */,
				352715BD2D8582AA003C16AB /* DataController.swift in Sources */,
				352715BE2D8582AA003C16AB /* DetailView.swift in Sources */,
				351920302DB2ABF200655D25 /* Bundle-Decodable.swift in Sources */,
				352715BF2D8582AA003C16AB /* Main.xcdatamodeld in Sources */,
				352715C02D8582AA003C16AB /* PortfolioAppApp.swift in Sources */,
				35258D122D86CDFC005FF24A /* Issue-CoreDataHelper.swift in Sources */,
				356017502DB4EF0900919498 /* AwardView.swift in Sources */,
				35258D142D86CF27005FF24A /* Tag-CoreDataHelper.swift in Sources */,
				35EC4B612D96EA15009CE385 /* IssueView.swift in Sources */,
				35EC4B632D96EA1E009CE385 /* NoIssueView.swift in Sources */,
				35FB0D372D871807008267EC /* IssueRow.swift in Sources */,
				352715C12D8582AA003C16AB /* SidebarView.swift in Sources */,
			);
			runOnlyForDeploymentPostprocessing = 0;
		};
/* End PBXSourcesBuildPhase section */

/* Begin PBXVariantGroup section */
		355A17792DC1235600D24A4C /* Awards.json */ = {
			isa = PBXVariantGroup;
			children = (
				355A17782DC1235600D24A4C /* vi */,
				35EE64992DC61DCE0029B7BB /* en */,
				35EE649A2DC61DD50029B7BB /* Base */,
			);
			name = Awards.json;
			sourceTree = "<group>";
		};
/* End PBXVariantGroup section */

/* Begin XCBuildConfiguration section */
		351F24ED2D8488DB00C07C4E /* Debug */ = {
			isa = XCBuildConfiguration;
			buildSettings = {
				ALWAYS_SEARCH_USER_PATHS = NO;
				ASSETCATALOG_COMPILER_GENERATE_SWIFT_ASSET_SYMBOL_EXTENSIONS = YES;
				CLANG_ANALYZER_NONNULL = YES;
				CLANG_ANALYZER_NUMBER_OBJECT_CONVERSION = YES_AGGRESSIVE;
				CLANG_CXX_LANGUAGE_STANDARD = "gnu++20";
				CLANG_ENABLE_MODULES = YES;
				CLANG_ENABLE_OBJC_ARC = YES;
				CLANG_ENABLE_OBJC_WEAK = YES;
				CLANG_WARN_BLOCK_CAPTURE_AUTORELEASING = YES;
				CLANG_WARN_BOOL_CONVERSION = YES;
				CLANG_WARN_COMMA = YES;
				CLANG_WARN_CONSTANT_CONVERSION = YES;
				CLANG_WARN_DEPRECATED_OBJC_IMPLEMENTATIONS = YES;
				CLANG_WARN_DIRECT_OBJC_ISA_USAGE = YES_ERROR;
				CLANG_WARN_DOCUMENTATION_COMMENTS = YES;
				CLANG_WARN_EMPTY_BODY = YES;
				CLANG_WARN_ENUM_CONVERSION = YES;
				CLANG_WARN_INFINITE_RECURSION = YES;
				CLANG_WARN_INT_CONVERSION = YES;
				CLANG_WARN_NON_LITERAL_NULL_CONVERSION = YES;
				CLANG_WARN_OBJC_IMPLICIT_RETAIN_SELF = YES;
				CLANG_WARN_OBJC_LITERAL_CONVERSION = YES;
				CLANG_WARN_OBJC_ROOT_CLASS = YES_ERROR;
				CLANG_WARN_QUOTED_INCLUDE_IN_FRAMEWORK_HEADER = YES;
				CLANG_WARN_RANGE_LOOP_ANALYSIS = YES;
				CLANG_WARN_STRICT_PROTOTYPES = YES;
				CLANG_WARN_SUSPICIOUS_MOVE = YES;
				CLANG_WARN_UNGUARDED_AVAILABILITY = YES_AGGRESSIVE;
				CLANG_WARN_UNREACHABLE_CODE = YES;
				CLANG_WARN__DUPLICATE_METHOD_MATCH = YES;
				COPY_PHASE_STRIP = NO;
				DEBUG_INFORMATION_FORMAT = dwarf;
				ENABLE_STRICT_OBJC_MSGSEND = YES;
				ENABLE_TESTABILITY = YES;
				ENABLE_USER_SCRIPT_SANDBOXING = YES;
				GCC_C_LANGUAGE_STANDARD = gnu17;
				GCC_DYNAMIC_NO_PIC = NO;
				GCC_NO_COMMON_BLOCKS = YES;
				GCC_OPTIMIZATION_LEVEL = 0;
				GCC_PREPROCESSOR_DEFINITIONS = (
					"DEBUG=1",
					"$(inherited)",
				);
				GCC_WARN_64_TO_32_BIT_CONVERSION = YES;
				GCC_WARN_ABOUT_RETURN_TYPE = YES_ERROR;
				GCC_WARN_UNDECLARED_SELECTOR = YES;
				GCC_WARN_UNINITIALIZED_AUTOS = YES_AGGRESSIVE;
				GCC_WARN_UNUSED_FUNCTION = YES;
				GCC_WARN_UNUSED_VARIABLE = YES;
				IPHONEOS_DEPLOYMENT_TARGET = 18.0;
				LOCALIZATION_PREFERS_STRING_CATALOGS = YES;
				MTL_ENABLE_DEBUG_INFO = INCLUDE_SOURCE;
				MTL_FAST_MATH = YES;
				ONLY_ACTIVE_ARCH = YES;
				SDKROOT = iphoneos;
				SWIFT_ACTIVE_COMPILATION_CONDITIONS = "DEBUG $(inherited)";
				SWIFT_EMIT_LOC_STRINGS = YES;
				SWIFT_OPTIMIZATION_LEVEL = "-Onone";
			};
			name = Debug;
		};
		351F24EE2D8488DB00C07C4E /* Release */ = {
			isa = XCBuildConfiguration;
			buildSettings = {
				ALWAYS_SEARCH_USER_PATHS = NO;
				ASSETCATALOG_COMPILER_GENERATE_SWIFT_ASSET_SYMBOL_EXTENSIONS = YES;
				CLANG_ANALYZER_NONNULL = YES;
				CLANG_ANALYZER_NUMBER_OBJECT_CONVERSION = YES_AGGRESSIVE;
				CLANG_CXX_LANGUAGE_STANDARD = "gnu++20";
				CLANG_ENABLE_MODULES = YES;
				CLANG_ENABLE_OBJC_ARC = YES;
				CLANG_ENABLE_OBJC_WEAK = YES;
				CLANG_WARN_BLOCK_CAPTURE_AUTORELEASING = YES;
				CLANG_WARN_BOOL_CONVERSION = YES;
				CLANG_WARN_COMMA = YES;
				CLANG_WARN_CONSTANT_CONVERSION = YES;
				CLANG_WARN_DEPRECATED_OBJC_IMPLEMENTATIONS = YES;
				CLANG_WARN_DIRECT_OBJC_ISA_USAGE = YES_ERROR;
				CLANG_WARN_DOCUMENTATION_COMMENTS = YES;
				CLANG_WARN_EMPTY_BODY = YES;
				CLANG_WARN_ENUM_CONVERSION = YES;
				CLANG_WARN_INFINITE_RECURSION = YES;
				CLANG_WARN_INT_CONVERSION = YES;
				CLANG_WARN_NON_LITERAL_NULL_CONVERSION = YES;
				CLANG_WARN_OBJC_IMPLICIT_RETAIN_SELF = YES;
				CLANG_WARN_OBJC_LITERAL_CONVERSION = YES;
				CLANG_WARN_OBJC_ROOT_CLASS = YES_ERROR;
				CLANG_WARN_QUOTED_INCLUDE_IN_FRAMEWORK_HEADER = YES;
				CLANG_WARN_RANGE_LOOP_ANALYSIS = YES;
				CLANG_WARN_STRICT_PROTOTYPES = YES;
				CLANG_WARN_SUSPICIOUS_MOVE = YES;
				CLANG_WARN_UNGUARDED_AVAILABILITY = YES_AGGRESSIVE;
				CLANG_WARN_UNREACHABLE_CODE = YES;
				CLANG_WARN__DUPLICATE_METHOD_MATCH = YES;
				COPY_PHASE_STRIP = NO;
				DEBUG_INFORMATION_FORMAT = "dwarf-with-dsym";
				ENABLE_NS_ASSERTIONS = NO;
				ENABLE_STRICT_OBJC_MSGSEND = YES;
				ENABLE_USER_SCRIPT_SANDBOXING = YES;
				GCC_C_LANGUAGE_STANDARD = gnu17;
				GCC_NO_COMMON_BLOCKS = YES;
				GCC_WARN_64_TO_32_BIT_CONVERSION = YES;
				GCC_WARN_ABOUT_RETURN_TYPE = YES_ERROR;
				GCC_WARN_UNDECLARED_SELECTOR = YES;
				GCC_WARN_UNINITIALIZED_AUTOS = YES_AGGRESSIVE;
				GCC_WARN_UNUSED_FUNCTION = YES;
				GCC_WARN_UNUSED_VARIABLE = YES;
				IPHONEOS_DEPLOYMENT_TARGET = 18.0;
				LOCALIZATION_PREFERS_STRING_CATALOGS = YES;
				MTL_ENABLE_DEBUG_INFO = NO;
				MTL_FAST_MATH = YES;
				SDKROOT = iphoneos;
				SWIFT_COMPILATION_MODE = wholemodule;
				SWIFT_EMIT_LOC_STRINGS = YES;
				VALIDATE_PRODUCT = YES;
			};
			name = Release;
		};
		351F24F02D8488DB00C07C4E /* Debug */ = {
			isa = XCBuildConfiguration;
			buildSettings = {
				ASSETCATALOG_COMPILER_APPICON_NAME = AppIcon;
				ASSETCATALOG_COMPILER_GLOBAL_ACCENT_COLOR_NAME = AccentColor;
				CODE_SIGN_STYLE = Automatic;
				CURRENT_PROJECT_VERSION = 1;
				DEVELOPMENT_ASSET_PATHS = "\"PortfolioApp/Preview Content\"";
				DEVELOPMENT_TEAM = DRX889FW83;
				ENABLE_PREVIEWS = YES;
				GENERATE_INFOPLIST_FILE = YES;
				INFOPLIST_FILE = PortfolioApp/Info.plist;
				INFOPLIST_KEY_UIApplicationSceneManifest_Generation = YES;
				INFOPLIST_KEY_UIApplicationSupportsIndirectInputEvents = YES;
				INFOPLIST_KEY_UILaunchScreen_Generation = YES;
				INFOPLIST_KEY_UISupportedInterfaceOrientations_iPad = "UIInterfaceOrientationPortrait UIInterfaceOrientationPortraitUpsideDown UIInterfaceOrientationLandscapeLeft UIInterfaceOrientationLandscapeRight";
				INFOPLIST_KEY_UISupportedInterfaceOrientations_iPhone = "UIInterfaceOrientationPortrait UIInterfaceOrientationLandscapeLeft UIInterfaceOrientationLandscapeRight";
				LD_RUNPATH_SEARCH_PATHS = (
					"$(inherited)",
					"@executable_path/Frameworks",
				);
				MARKETING_VERSION = 1.0;
				PRODUCT_BUNDLE_IDENTIFIER = VinhPhan.PortfolioApp;
				PRODUCT_NAME = "$(TARGET_NAME)";
				SUPPORTED_PLATFORMS = "iphoneos iphonesimulator";
				SUPPORTS_MACCATALYST = NO;
				SUPPORTS_XR_DESIGNED_FOR_IPHONE_IPAD = NO;
				SWIFT_EMIT_LOC_STRINGS = YES;
				SWIFT_VERSION = 5.0;
				TARGETED_DEVICE_FAMILY = "1,2";
			};
			name = Debug;
		};
		351F24F12D8488DB00C07C4E /* Release */ = {
			isa = XCBuildConfiguration;
			buildSettings = {
				ASSETCATALOG_COMPILER_APPICON_NAME = AppIcon;
				ASSETCATALOG_COMPILER_GLOBAL_ACCENT_COLOR_NAME = AccentColor;
				CODE_SIGN_STYLE = Automatic;
				CURRENT_PROJECT_VERSION = 1;
				DEVELOPMENT_ASSET_PATHS = "\"PortfolioApp/Preview Content\"";
				DEVELOPMENT_TEAM = DRX889FW83;
				ENABLE_PREVIEWS = YES;
				GENERATE_INFOPLIST_FILE = YES;
				INFOPLIST_FILE = PortfolioApp/Info.plist;
				INFOPLIST_KEY_UIApplicationSceneManifest_Generation = YES;
				INFOPLIST_KEY_UIApplicationSupportsIndirectInputEvents = YES;
				INFOPLIST_KEY_UILaunchScreen_Generation = YES;
				INFOPLIST_KEY_UISupportedInterfaceOrientations_iPad = "UIInterfaceOrientationPortrait UIInterfaceOrientationPortraitUpsideDown UIInterfaceOrientationLandscapeLeft UIInterfaceOrientationLandscapeRight";
				INFOPLIST_KEY_UISupportedInterfaceOrientations_iPhone = "UIInterfaceOrientationPortrait UIInterfaceOrientationLandscapeLeft UIInterfaceOrientationLandscapeRight";
				LD_RUNPATH_SEARCH_PATHS = (
					"$(inherited)",
					"@executable_path/Frameworks",
				);
				MARKETING_VERSION = 1.0;
				PRODUCT_BUNDLE_IDENTIFIER = VinhPhan.PortfolioApp;
				PRODUCT_NAME = "$(TARGET_NAME)";
				SUPPORTED_PLATFORMS = "iphoneos iphonesimulator";
				SUPPORTS_MACCATALYST = NO;
				SUPPORTS_XR_DESIGNED_FOR_IPHONE_IPAD = NO;
				SWIFT_EMIT_LOC_STRINGS = YES;
				SWIFT_VERSION = 5.0;
				TARGETED_DEVICE_FAMILY = "1,2";
			};
			name = Release;
		};
/* End XCBuildConfiguration section */

/* Begin XCConfigurationList section */
		351F24D72D8488DA00C07C4E /* Build configuration list for PBXProject "PortfolioApp" */ = {
			isa = XCConfigurationList;
			buildConfigurations = (
				351F24ED2D8488DB00C07C4E /* Debug */,
				351F24EE2D8488DB00C07C4E /* Release */,
			);
			defaultConfigurationIsVisible = 0;
			defaultConfigurationName = Release;
		};
		351F24EF2D8488DB00C07C4E /* Build configuration list for PBXNativeTarget "PortfolioApp" */ = {
			isa = XCConfigurationList;
			buildConfigurations = (
				351F24F02D8488DB00C07C4E /* Debug */,
				351F24F12D8488DB00C07C4E /* Release */,
			);
			defaultConfigurationIsVisible = 0;
			defaultConfigurationName = Release;
		};
/* End XCConfigurationList section */

/* Begin XCVersionGroup section */
		352715B72D8582AA003C16AB /* Main.xcdatamodeld */ = {
			isa = XCVersionGroup;
			children = (
				352715BB2D8582AA003C16AB /* Main.xcdatamodel */,
			);
			currentVersion = 352715BB2D8582AA003C16AB /* Main.xcdatamodel */;
			path = Main.xcdatamodeld;
			sourceTree = "<group>";
			versionGroupType = wrapper.xcdatamodel;
		};
/* End XCVersionGroup section */
	};
	rootObject = 351F24D42D8488DA00C07C4E /* Project object */;
}
