// !$*UTF8*$!
{
	archiveVersion = 1;
	classes = {
	};
	objectVersion = 77;
	objects = {

/* Begin PBXBuildFile section */
		351920302DB2ABF200655D25 /* Bundle-Decodable.swift in Sources */ = {isa = PBXBuildFile; fileRef = 3519202F2DB2ABF200655D25 /* Bundle-Decodable.swift */; };
		352561002DC90354007855BE /* SmartFilterRow.swift in Sources */ = {isa = PBXBuildFile; fileRef = 352560FF2DC90354007855BE /* SmartFilterRow.swift */; };
		35258D122D86CDFC005FF24A /* Issue-CoreDataHelper.swift in Sources */ = {isa = PBXBuildFile; fileRef = 35258D112D86CDFC005FF24A /* Issue-CoreDataHelper.swift */; };
		35258D142D86CF27005FF24A /* Tag-CoreDataHelper.swift in Sources */ = {isa = PBXBuildFile; fileRef = 35258D132D86CF27005FF24A /* Tag-CoreDataHelper.swift */; };
		352715BD2D8582AA003C16AB /* DataController.swift in Sources */ = {isa = PBXBuildFile; fileRef = 352715B42D8582AA003C16AB /* DataController.swift */; };
		352715BF2D8582AA003C16AB /* Main.xcdatamodeld in Sources */ = {isa = PBXBuildFile; fileRef = 352715B72D8582AA003C16AB /* Main.xcdatamodeld */; };
		352715C02D8582AA003C16AB /* PortfolioAppApp.swift in Sources */ = {isa = PBXBuildFile; fileRef = 352715B82D8582AA003C16AB /* PortfolioAppApp.swift */; };
		352715C22D8582AA003C16AB /* Preview Assets.xcassets in Resources */ = {isa = PBXBuildFile; fileRef = 352715B02D8582AA003C16AB /* Preview Assets.xcassets */; };
		352715C32D8582AA003C16AB /* Assets.xcassets in Resources */ = {isa = PBXBuildFile; fileRef = 352715B22D8582AA003C16AB /* Assets.xcassets */; };
		352715C62D858396003C16AB /* Filter.swift in Sources */ = {isa = PBXBuildFile; fileRef = 352715C52D858396003C16AB /* Filter.swift */; };
		354981A52DE20F66009BC2F0 /* PortfolioAppUITests.swift in Sources */ = {isa = PBXBuildFile; fileRef = 354981A22DE20F66009BC2F0 /* PortfolioAppUITests.swift */; };
		354981A62DE20F66009BC2F0 /* PortfolioAppUITestsLaunchTests.swift in Sources */ = {isa = PBXBuildFile; fileRef = 354981A32DE20F66009BC2F0 /* PortfolioAppUITestsLaunchTests.swift */; };
		355A177A2DC1235600D24A4C /* Awards.json in Resources */ = {isa = PBXBuildFile; fileRef = 355A17792DC1235600D24A4C /* Awards.json */; };
		3560174A2DB4E6F700919498 /* Colors.xcassets in Resources */ = {isa = PBXBuildFile; fileRef = 356017482DB4E6F700919498 /* Colors.xcassets */; };
		3560174C2DB4E86900919498 /* Award.swift in Sources */ = {isa = PBXBuildFile; fileRef = 3560174B2DB4E86900919498 /* Award.swift */; };
		35690E612DE0518900EC5175 /* DecodableDictionary.json in Resources */ = {isa = PBXBuildFile; fileRef = 35690E602DE0518900EC5175 /* DecodableDictionary.json */; };
		35690E632DE051A300EC5175 /* DecodableString.json in Resources */ = {isa = PBXBuildFile; fileRef = 35690E622DE051A300EC5175 /* DecodableString.json */; };
		356C1F362DBE2B3A00637D66 /* Localizable.xcstrings in Resources */ = {isa = PBXBuildFile; fileRef = 356C1F352DBE2B3900637D66 /* Localizable.xcstrings */; };
		3578FA412DD8D31600892FF0 /* DevelopmentTests.swift in Sources */ = {isa = PBXBuildFile; fileRef = 3578FA402DD8D31600892FF0 /* DevelopmentTests.swift */; };
		3581190B2DE180A500C5CDCA /* PerformanceTests.swift in Sources */ = {isa = PBXBuildFile; fileRef = 3581190A2DE180A500C5CDCA /* PerformanceTests.swift */; };
		35A0B8812DD3886000BB9EA3 /* AwardView.swift in Sources */ = {isa = PBXBuildFile; fileRef = 35A0B8762DD3886000BB9EA3 /* AwardView.swift */; };
		35A0B8822DD3886000BB9EA3 /* ContentView.swift in Sources */ = {isa = PBXBuildFile; fileRef = 35A0B8772DD3886000BB9EA3 /* ContentView.swift */; };
		35A0B8832DD3886000BB9EA3 /* DetailView.swift in Sources */ = {isa = PBXBuildFile; fileRef = 35A0B8782DD3886000BB9EA3 /* DetailView.swift */; };
		35A0B8842DD3886000BB9EA3 /* IssueView.swift in Sources */ = {isa = PBXBuildFile; fileRef = 35A0B8792DD3886000BB9EA3 /* IssueView.swift */; };
		35A0B8852DD3886000BB9EA3 /* IssueViewToolbar.swift in Sources */ = {isa = PBXBuildFile; fileRef = 35A0B87A2DD3886000BB9EA3 /* IssueViewToolbar.swift */; };
		35A0B8862DD3886000BB9EA3 /* NoIssueView.swift in Sources */ = {isa = PBXBuildFile; fileRef = 35A0B87B2DD3886000BB9EA3 /* NoIssueView.swift */; };
		35A0B8872DD3886000BB9EA3 /* SidebarView.swift in Sources */ = {isa = PBXBuildFile; fileRef = 35A0B87C2DD3886000BB9EA3 /* SidebarView.swift */; };
		35A0B8882DD3886000BB9EA3 /* SidebarViewToolbar.swift in Sources */ = {isa = PBXBuildFile; fileRef = 35A0B87D2DD3886000BB9EA3 /* SidebarViewToolbar.swift */; };
		35A0B8892DD3886000BB9EA3 /* TagsMenuView.swift in Sources */ = {isa = PBXBuildFile; fileRef = 35A0B87E2DD3886000BB9EA3 /* TagsMenuView.swift */; };
		35A0B88A2DD3886000BB9EA3 /* UserFilterRow.swift in Sources */ = {isa = PBXBuildFile; fileRef = 35A0B87F2DD3886000BB9EA3 /* UserFilterRow.swift */; };
		35A0B8932DD38B8700BB9EA3 /* ContentViewToolbar.swift in Sources */ = {isa = PBXBuildFile; fileRef = 35A0B8922DD38B8700BB9EA3 /* ContentViewToolbar.swift */; };
		35C81A482DCF18B000FFD28D /* .swiftlint.yml in Resources */ = {isa = PBXBuildFile; fileRef = 35C81A472DCF18B000FFD28D /* .swiftlint.yml */; };
		35CA35ED2DD4DDBE004AF02F /* BaseTestCase.swift in Sources */ = {isa = PBXBuildFile; fileRef = 35CA35EB2DD4DDBE004AF02F /* BaseTestCase.swift */; };
		35CA35EF2DD4E12B004AF02F /* AssetTests.swift in Sources */ = {isa = PBXBuildFile; fileRef = 35CA35EE2DD4E12B004AF02F /* AssetTests.swift */; };
		35D5FA4A2DDB7786007A80DB /* ExtensionTests.swift in Sources */ = {isa = PBXBuildFile; fileRef = 35D5FA492DDB7786007A80DB /* ExtensionTests.swift */; };
		35E7E8942DE4403600DA0D98 /* XCUIElementExt.swift in Sources */ = {isa = PBXBuildFile; fileRef = 35E7E8932DE4403600DA0D98 /* XCUIElementExt.swift */; };
		35FB0D372D871807008267EC /* IssueRow.swift in Sources */ = {isa = PBXBuildFile; fileRef = 35FB0D362D871807008267EC /* IssueRow.swift */; };
		35FB8B242DD78C0B004F574A /* TagTests.swift in Sources */ = {isa = PBXBuildFile; fileRef = 35FB8B232DD78C0B004F574A /* TagTests.swift */; };
		35FB8B262DD84E40004F574A /* AwardTests.swift in Sources */ = {isa = PBXBuildFile; fileRef = 35FB8B252DD84E40004F574A /* AwardTests.swift */; };
/* End PBXBuildFile section */

/* Begin PBXContainerItemProxy section */
		3549819D2DE20EAD009BC2F0 /* PBXContainerItemProxy */ = {
			isa = PBXContainerItemProxy;
			containerPortal = 351F24D42D8488DA00C07C4E /* Project object */;
			proxyType = 1;
			remoteGlobalIDString = 351F24DB2D8488DA00C07C4E;
			remoteInfo = PortfolioApp;
		};
		35CA35E62DD4DDB0004AF02F /* PBXContainerItemProxy */ = {
			isa = PBXContainerItemProxy;
			containerPortal = 351F24D42D8488DA00C07C4E /* Project object */;
			proxyType = 1;
			remoteGlobalIDString = 351F24DB2D8488DA00C07C4E;
			remoteInfo = PortfolioApp;
		};
/* End PBXContainerItemProxy section */

/* Begin PBXFileReference section */
		3519202F2DB2ABF200655D25 /* Bundle-Decodable.swift */ = {isa = PBXFileReference; lastKnownFileType = sourcecode.swift; path = "Bundle-Decodable.swift"; sourceTree = "<group>"; };
		351F24DC2D8488DA00C07C4E /* PortfolioApp.app */ = {isa = PBXFileReference; explicitFileType = wrapper.application; includeInIndex = 0; path = PortfolioApp.app; sourceTree = BUILT_PRODUCTS_DIR; };
		352560FF2DC90354007855BE /* SmartFilterRow.swift */ = {isa = PBXFileReference; lastKnownFileType = sourcecode.swift; path = SmartFilterRow.swift; sourceTree = "<group>"; };
		35258D112D86CDFC005FF24A /* Issue-CoreDataHelper.swift */ = {isa = PBXFileReference; lastKnownFileType = sourcecode.swift; path = "Issue-CoreDataHelper.swift"; sourceTree = "<group>"; };
		35258D132D86CF27005FF24A /* Tag-CoreDataHelper.swift */ = {isa = PBXFileReference; lastKnownFileType = sourcecode.swift; path = "Tag-CoreDataHelper.swift"; sourceTree = "<group>"; };
		352715B02D8582AA003C16AB /* Preview Assets.xcassets */ = {isa = PBXFileReference; lastKnownFileType = folder.assetcatalog; path = "Preview Assets.xcassets"; sourceTree = "<group>"; };
		352715B22D8582AA003C16AB /* Assets.xcassets */ = {isa = PBXFileReference; lastKnownFileType = folder.assetcatalog; path = Assets.xcassets; sourceTree = "<group>"; };
		352715B42D8582AA003C16AB /* DataController.swift */ = {isa = PBXFileReference; lastKnownFileType = sourcecode.swift; path = DataController.swift; sourceTree = "<group>"; };
		352715B62D8582AA003C16AB /* Info.plist */ = {isa = PBXFileReference; lastKnownFileType = text.plist.xml; path = Info.plist; sourceTree = "<group>"; };
		352715B82D8582AA003C16AB /* PortfolioAppApp.swift */ = {isa = PBXFileReference; lastKnownFileType = sourcecode.swift; path = PortfolioAppApp.swift; sourceTree = "<group>"; };
		352715BB2D8582AA003C16AB /* Main.xcdatamodel */ = {isa = PBXFileReference; lastKnownFileType = wrapper.xcdatamodel; path = Main.xcdatamodel; sourceTree = "<group>"; };
		352715C52D858396003C16AB /* Filter.swift */ = {isa = PBXFileReference; lastKnownFileType = sourcecode.swift; path = Filter.swift; sourceTree = "<group>"; };
		354981972DE20EAD009BC2F0 /* PortfolioAppUITests.xctest */ = {isa = PBXFileReference; explicitFileType = wrapper.cfbundle; includeInIndex = 0; path = PortfolioAppUITests.xctest; sourceTree = BUILT_PRODUCTS_DIR; };
		354981A22DE20F66009BC2F0 /* PortfolioAppUITests.swift */ = {isa = PBXFileReference; lastKnownFileType = sourcecode.swift; path = PortfolioAppUITests.swift; sourceTree = "<group>"; };
		354981A32DE20F66009BC2F0 /* PortfolioAppUITestsLaunchTests.swift */ = {isa = PBXFileReference; lastKnownFileType = sourcecode.swift; path = PortfolioAppUITestsLaunchTests.swift; sourceTree = "<group>"; };
		355A17782DC1235600D24A4C /* vi */ = {isa = PBXFileReference; lastKnownFileType = text.json; name = vi; path = vi.lproj/Awards.json; sourceTree = "<group>"; };
		356017482DB4E6F700919498 /* Colors.xcassets */ = {isa = PBXFileReference; lastKnownFileType = folder.assetcatalog; path = Colors.xcassets; sourceTree = "<group>"; };
		3560174B2DB4E86900919498 /* Award.swift */ = {isa = PBXFileReference; lastKnownFileType = sourcecode.swift; path = Award.swift; sourceTree = "<group>"; };
		35690E602DE0518900EC5175 /* DecodableDictionary.json */ = {isa = PBXFileReference; lastKnownFileType = text.json; path = DecodableDictionary.json; sourceTree = "<group>"; };
		35690E622DE051A300EC5175 /* DecodableString.json */ = {isa = PBXFileReference; lastKnownFileType = text.json; path = DecodableString.json; sourceTree = "<group>"; };
		356C1F352DBE2B3900637D66 /* Localizable.xcstrings */ = {isa = PBXFileReference; lastKnownFileType = text.json.xcstrings; path = Localizable.xcstrings; sourceTree = "<group>"; };
		3578FA402DD8D31600892FF0 /* DevelopmentTests.swift */ = {isa = PBXFileReference; lastKnownFileType = sourcecode.swift; path = DevelopmentTests.swift; sourceTree = "<group>"; };
		3581190A2DE180A500C5CDCA /* PerformanceTests.swift */ = {isa = PBXFileReference; lastKnownFileType = sourcecode.swift; path = PerformanceTests.swift; sourceTree = "<group>"; };
		35A0B8762DD3886000BB9EA3 /* AwardView.swift */ = {isa = PBXFileReference; lastKnownFileType = sourcecode.swift; path = AwardView.swift; sourceTree = "<group>"; };
		35A0B8772DD3886000BB9EA3 /* ContentView.swift */ = {isa = PBXFileReference; lastKnownFileType = sourcecode.swift; path = ContentView.swift; sourceTree = "<group>"; };
		35A0B8782DD3886000BB9EA3 /* DetailView.swift */ = {isa = PBXFileReference; lastKnownFileType = sourcecode.swift; path = DetailView.swift; sourceTree = "<group>"; };
		35A0B8792DD3886000BB9EA3 /* IssueView.swift */ = {isa = PBXFileReference; lastKnownFileType = sourcecode.swift; path = IssueView.swift; sourceTree = "<group>"; };
		35A0B87A2DD3886000BB9EA3 /* IssueViewToolbar.swift */ = {isa = PBXFileReference; lastKnownFileType = sourcecode.swift; path = IssueViewToolbar.swift; sourceTree = "<group>"; };
		35A0B87B2DD3886000BB9EA3 /* NoIssueView.swift */ = {isa = PBXFileReference; lastKnownFileType = sourcecode.swift; path = NoIssueView.swift; sourceTree = "<group>"; };
		35A0B87C2DD3886000BB9EA3 /* SidebarView.swift */ = {isa = PBXFileReference; lastKnownFileType = sourcecode.swift; path = SidebarView.swift; sourceTree = "<group>"; };
		35A0B87D2DD3886000BB9EA3 /* SidebarViewToolbar.swift */ = {isa = PBXFileReference; lastKnownFileType = sourcecode.swift; path = SidebarViewToolbar.swift; sourceTree = "<group>"; };
		35A0B87E2DD3886000BB9EA3 /* TagsMenuView.swift */ = {isa = PBXFileReference; lastKnownFileType = sourcecode.swift; path = TagsMenuView.swift; sourceTree = "<group>"; };
		35A0B87F2DD3886000BB9EA3 /* UserFilterRow.swift */ = {isa = PBXFileReference; lastKnownFileType = sourcecode.swift; path = UserFilterRow.swift; sourceTree = "<group>"; };
		35A0B8922DD38B8700BB9EA3 /* ContentViewToolbar.swift */ = {isa = PBXFileReference; lastKnownFileType = sourcecode.swift; path = ContentViewToolbar.swift; sourceTree = "<group>"; };
		35C81A472DCF18B000FFD28D /* .swiftlint.yml */ = {isa = PBXFileReference; lastKnownFileType = text.yaml; path = .swiftlint.yml; sourceTree = SOURCE_ROOT; };
		35CA35E22DD4DDB0004AF02F /* PortfolioAppTests.xctest */ = {isa = PBXFileReference; explicitFileType = wrapper.cfbundle; includeInIndex = 0; path = PortfolioAppTests.xctest; sourceTree = BUILT_PRODUCTS_DIR; };
		35CA35EB2DD4DDBE004AF02F /* BaseTestCase.swift */ = {isa = PBXFileReference; lastKnownFileType = sourcecode.swift; path = BaseTestCase.swift; sourceTree = "<group>"; };
		35CA35EE2DD4E12B004AF02F /* AssetTests.swift */ = {isa = PBXFileReference; lastKnownFileType = sourcecode.swift; path = AssetTests.swift; sourceTree = "<group>"; };
		35D5FA492DDB7786007A80DB /* ExtensionTests.swift */ = {isa = PBXFileReference; lastKnownFileType = sourcecode.swift; path = ExtensionTests.swift; sourceTree = "<group>"; };
		35E7E8932DE4403600DA0D98 /* XCUIElementExt.swift */ = {isa = PBXFileReference; lastKnownFileType = sourcecode.swift; path = XCUIElementExt.swift; sourceTree = "<group>"; };
		35E7E8952DE448D100DA0D98 /* PortfolioAppUITests.xctestplan */ = {isa = PBXFileReference; lastKnownFileType = text; path = PortfolioAppUITests.xctestplan; sourceTree = SOURCE_ROOT; };
		35EE64992DC61DCE0029B7BB /* en */ = {isa = PBXFileReference; lastKnownFileType = text.json; name = en; path = en.lproj/Awards.json; sourceTree = "<group>"; };
		35EE649A2DC61DD50029B7BB /* Base */ = {isa = PBXFileReference; lastKnownFileType = text.json; name = Base; path = Base.lproj/Awards.json; sourceTree = "<group>"; };
		35FB0D362D871807008267EC /* IssueRow.swift */ = {isa = PBXFileReference; lastKnownFileType = sourcecode.swift; path = IssueRow.swift; sourceTree = "<group>"; };
		35FB8B232DD78C0B004F574A /* TagTests.swift */ = {isa = PBXFileReference; lastKnownFileType = sourcecode.swift; path = TagTests.swift; sourceTree = "<group>"; };
		35FB8B252DD84E40004F574A /* AwardTests.swift */ = {isa = PBXFileReference; lastKnownFileType = sourcecode.swift; path = AwardTests.swift; sourceTree = "<group>"; };
/* End PBXFileReference section */

/* Begin PBXFrameworksBuildPhase section */
		351F24D92D8488DA00C07C4E /* Frameworks */ = {
			isa = PBXFrameworksBuildPhase;
			buildActionMask = 2147483647;
			files = (
			);
			runOnlyForDeploymentPostprocessing = 0;
		};
		354981942DE20EAD009BC2F0 /* Frameworks */ = {
			isa = PBXFrameworksBuildPhase;
			buildActionMask = 2147483647;
			files = (
			);
			runOnlyForDeploymentPostprocessing = 0;
		};
		35CA35DF2DD4DDB0004AF02F /* Frameworks */ = {
			isa = PBXFrameworksBuildPhase;
			buildActionMask = 2147483647;
			files = (
			);
			runOnlyForDeploymentPostprocessing = 0;
		};
/* End PBXFrameworksBuildPhase section */

/* Begin PBXGroup section */
		351F24D32D8488DA00C07C4E = {
			isa = PBXGroup;
			children = (
				352715BA2D8582AA003C16AB /* PortfolioApp */,
				35CA35EC2DD4DDBE004AF02F /* PortfolioAppTests */,
				354981A42DE20F66009BC2F0 /* PortfolioAppUITests */,
				351F24DD2D8488DA00C07C4E /* Products */,
			);
			sourceTree = "<group>";
		};
		351F24DD2D8488DA00C07C4E /* Products */ = {
			isa = PBXGroup;
			children = (
				351F24DC2D8488DA00C07C4E /* PortfolioApp.app */,
				35CA35E22DD4DDB0004AF02F /* PortfolioAppTests.xctest */,
				354981972DE20EAD009BC2F0 /* PortfolioAppUITests.xctest */,
			);
			name = Products;
			sourceTree = "<group>";
		};
		352715B12D8582AA003C16AB /* Preview Content */ = {
			isa = PBXGroup;
			children = (
				352715B02D8582AA003C16AB /* Preview Assets.xcassets */,
			);
			path = "Preview Content";
			sourceTree = "<group>";
		};
		352715BA2D8582AA003C16AB /* PortfolioApp */ = {
			isa = PBXGroup;
			children = (
				352715B42D8582AA003C16AB /* DataController.swift */,
				352715B82D8582AA003C16AB /* PortfolioAppApp.swift */,
				352715B22D8582AA003C16AB /* Assets.xcassets */,
				356017482DB4E6F700919498 /* Colors.xcassets */,
				35C81A472DCF18B000FFD28D /* .swiftlint.yml */,
				35A0B8802DD3886000BB9EA3 /* Award */,
				35A0B88F2DD3892600BB9EA3 /* Configuration */,
				35A0B88C2DD3889C00BB9EA3 /* Controllers */,
				35A0B8942DD38C4600BB9EA3 /* Editing */,
				35A0B88D2DD388B600BB9EA3 /* Extensions */,
				35A0B8902DD38AF200BB9EA3 /* Filter */,
				35A0B8912DD38B3100BB9EA3 /* Issue */,
				35A0B88E2DD388C400BB9EA3 /* Localization */,
				352715B12D8582AA003C16AB /* Preview Content */,
			);
			path = PortfolioApp;
			sourceTree = "<group>";
		};
		354981A42DE20F66009BC2F0 /* PortfolioAppUITests */ = {
			isa = PBXGroup;
			children = (
				35E7E8952DE448D100DA0D98 /* PortfolioAppUITests.xctestplan */,
				354981A22DE20F66009BC2F0 /* PortfolioAppUITests.swift */,
				354981A32DE20F66009BC2F0 /* PortfolioAppUITestsLaunchTests.swift */,
				35E7E8932DE4403600DA0D98 /* XCUIElementExt.swift */,
			);
			path = PortfolioAppUITests;
			sourceTree = "<group>";
		};
		35A0B8802DD3886000BB9EA3 /* Award */ = {
			isa = PBXGroup;
			children = (
				3560174B2DB4E86900919498 /* Award.swift */,
				355A17792DC1235600D24A4C /* Awards.json */,
				35A0B8762DD3886000BB9EA3 /* AwardView.swift */,
			);
			path = Award;
			sourceTree = "<group>";
		};
		35A0B88C2DD3889C00BB9EA3 /* Controllers */ = {
			isa = PBXGroup;
			children = (
			);
			path = Controllers;
			sourceTree = "<group>";
		};
		35A0B88D2DD388B600BB9EA3 /* Extensions */ = {
			isa = PBXGroup;
			children = (
				3519202F2DB2ABF200655D25 /* Bundle-Decodable.swift */,
				35258D112D86CDFC005FF24A /* Issue-CoreDataHelper.swift */,
				35258D132D86CF27005FF24A /* Tag-CoreDataHelper.swift */,
			);
			path = Extensions;
			sourceTree = "<group>";
		};
		35A0B88E2DD388C400BB9EA3 /* Localization */ = {
			isa = PBXGroup;
			children = (
				356C1F352DBE2B3900637D66 /* Localizable.xcstrings */,
			);
			path = Localization;
			sourceTree = "<group>";
		};
		35A0B88F2DD3892600BB9EA3 /* Configuration */ = {
			isa = PBXGroup;
			children = (
				352715B62D8582AA003C16AB /* Info.plist */,
				352715B72D8582AA003C16AB /* Main.xcdatamodeld */,
			);
			path = Configuration;
			sourceTree = "<group>";
		};
		35A0B8902DD38AF200BB9EA3 /* Filter */ = {
			isa = PBXGroup;
			children = (
				352715C52D858396003C16AB /* Filter.swift */,
				35A0B87C2DD3886000BB9EA3 /* SidebarView.swift */,
				35A0B87D2DD3886000BB9EA3 /* SidebarViewToolbar.swift */,
				352560FF2DC90354007855BE /* SmartFilterRow.swift */,
				35A0B87F2DD3886000BB9EA3 /* UserFilterRow.swift */,
			);
			path = Filter;
			sourceTree = "<group>";
		};
		35A0B8912DD38B3100BB9EA3 /* Issue */ = {
			isa = PBXGroup;
			children = (
				35A0B8772DD3886000BB9EA3 /* ContentView.swift */,
				35A0B8922DD38B8700BB9EA3 /* ContentViewToolbar.swift */,
				35FB0D362D871807008267EC /* IssueRow.swift */,
			);
			path = Issue;
			sourceTree = "<group>";
		};
		35A0B8942DD38C4600BB9EA3 /* Editing */ = {
			isa = PBXGroup;
			children = (
				35A0B8782DD3886000BB9EA3 /* DetailView.swift */,
				35A0B8792DD3886000BB9EA3 /* IssueView.swift */,
				35A0B87A2DD3886000BB9EA3 /* IssueViewToolbar.swift */,
				35A0B87B2DD3886000BB9EA3 /* NoIssueView.swift */,
				35A0B87E2DD3886000BB9EA3 /* TagsMenuView.swift */,
			);
			path = Editing;
			sourceTree = "<group>";
		};
		35CA35EC2DD4DDBE004AF02F /* PortfolioAppTests */ = {
			isa = PBXGroup;
			children = (
				35CA35EB2DD4DDBE004AF02F /* BaseTestCase.swift */,
				35CA35EE2DD4E12B004AF02F /* AssetTests.swift */,
				35FB8B232DD78C0B004F574A /* TagTests.swift */,
				35FB8B252DD84E40004F574A /* AwardTests.swift */,
				3578FA402DD8D31600892FF0 /* DevelopmentTests.swift */,
				35D5FA492DDB7786007A80DB /* ExtensionTests.swift */,
				35690E602DE0518900EC5175 /* DecodableDictionary.json */,
				35690E622DE051A300EC5175 /* DecodableString.json */,
				3581190A2DE180A500C5CDCA /* PerformanceTests.swift */,
			);
			path = PortfolioAppTests;
			sourceTree = "<group>";
		};
/* End PBXGroup section */

/* Begin PBXNativeTarget section */
		351F24DB2D8488DA00C07C4E /* PortfolioApp */ = {
			isa = PBXNativeTarget;
			buildConfigurationList = 351F24EF2D8488DB00C07C4E /* Build configuration list for PBXNativeTarget "PortfolioApp" */;
			buildPhases = (
				351F24D82D8488DA00C07C4E /* Sources */,
				351F24D92D8488DA00C07C4E /* Frameworks */,
				351F24DA2D8488DA00C07C4E /* Resources */,
				352326AD2DCA5CA2005875C8 /* SwiftLint */,
			);
			buildRules = (
			);
			dependencies = (
			);
			name = PortfolioApp;
			packageProductDependencies = (
			);
			productName = PortfolioApp;
			productReference = 351F24DC2D8488DA00C07C4E /* PortfolioApp.app */;
			productType = "com.apple.product-type.application";
		};
		354981962DE20EAD009BC2F0 /* PortfolioAppUITests */ = {
			isa = PBXNativeTarget;
			buildConfigurationList = 354981A12DE20EAD009BC2F0 /* Build configuration list for PBXNativeTarget "PortfolioAppUITests" */;
			buildPhases = (
				354981932DE20EAD009BC2F0 /* Sources */,
				354981942DE20EAD009BC2F0 /* Frameworks */,
				354981952DE20EAD009BC2F0 /* Resources */,
			);
			buildRules = (
			);
			dependencies = (
				3549819E2DE20EAD009BC2F0 /* PBXTargetDependency */,
			);
			name = PortfolioAppUITests;
			packageProductDependencies = (
			);
			productName = PortfolioAppUITests;
			productReference = 354981972DE20EAD009BC2F0 /* PortfolioAppUITests.xctest */;
			productType = "com.apple.product-type.bundle.ui-testing";
		};
		35CA35E12DD4DDB0004AF02F /* PortfolioAppTests */ = {
			isa = PBXNativeTarget;
			buildConfigurationList = 35CA35EA2DD4DDB0004AF02F /* Build configuration list for PBXNativeTarget "PortfolioAppTests" */;
			buildPhases = (
				35CA35DE2DD4DDB0004AF02F /* Sources */,
				35CA35DF2DD4DDB0004AF02F /* Frameworks */,
				35CA35E02DD4DDB0004AF02F /* Resources */,
			);
			buildRules = (
			);
			dependencies = (
				35CA35E72DD4DDB0004AF02F /* PBXTargetDependency */,
			);
			name = PortfolioAppTests;
			packageProductDependencies = (
			);
			productName = PortfolioAppTests;
			productReference = 35CA35E22DD4DDB0004AF02F /* PortfolioAppTests.xctest */;
			productType = "com.apple.product-type.bundle.unit-test";
		};
/* End PBXNativeTarget section */

/* Begin PBXProject section */
		351F24D42D8488DA00C07C4E /* Project object */ = {
			isa = PBXProject;
			attributes = {
				BuildIndependentTargetsInParallel = 1;
				LastSwiftUpdateCheck = 1630;
				LastUpgradeCheck = 1630;
				TargetAttributes = {
					351F24DB2D8488DA00C07C4E = {
						CreatedOnToolsVersion = 16.0;
					};
					354981962DE20EAD009BC2F0 = {
						CreatedOnToolsVersion = 16.3;
						TestTargetID = 351F24DB2D8488DA00C07C4E;
					};
					35CA35E12DD4DDB0004AF02F = {
						CreatedOnToolsVersion = 16.3;
						TestTargetID = 351F24DB2D8488DA00C07C4E;
					};
				};
			};
			buildConfigurationList = 351F24D72D8488DA00C07C4E /* Build configuration list for PBXProject "PortfolioApp" */;
			developmentRegion = en;
			hasScannedForEncodings = 0;
			knownRegions = (
				en,
				Base,
				vi,
			);
			mainGroup = 351F24D32D8488DA00C07C4E;
			minimizedProjectReferenceProxies = 1;
			preferredProjectObjectVersion = 77;
			productRefGroup = 351F24DD2D8488DA00C07C4E /* Products */;
			projectDirPath = "";
			projectRoot = "";
			targets = (
				351F24DB2D8488DA00C07C4E /* PortfolioApp */,
				35CA35E12DD4DDB0004AF02F /* PortfolioAppTests */,
				354981962DE20EAD009BC2F0 /* PortfolioAppUITests */,
			);
		};
/* End PBXProject section */

/* Begin PBXResourcesBuildPhase section */
		351F24DA2D8488DA00C07C4E /* Resources */ = {
			isa = PBXResourcesBuildPhase;
			buildActionMask = 2147483647;
			files = (
				35C81A482DCF18B000FFD28D /* .swiftlint.yml in Resources */,
				352715C22D8582AA003C16AB /* Preview Assets.xcassets in Resources */,
				356C1F362DBE2B3A00637D66 /* Localizable.xcstrings in Resources */,
				355A177A2DC1235600D24A4C /* Awards.json in Resources */,
				3560174A2DB4E6F700919498 /* Colors.xcassets in Resources */,
				352715C32D8582AA003C16AB /* Assets.xcassets in Resources */,
			);
			runOnlyForDeploymentPostprocessing = 0;
		};
		354981952DE20EAD009BC2F0 /* Resources */ = {
			isa = PBXResourcesBuildPhase;
			buildActionMask = 2147483647;
			files = (
			);
			runOnlyForDeploymentPostprocessing = 0;
		};
		35CA35E02DD4DDB0004AF02F /* Resources */ = {
			isa = PBXResourcesBuildPhase;
			buildActionMask = 2147483647;
			files = (
				35690E632DE051A300EC5175 /* DecodableString.json in Resources */,
				35690E612DE0518900EC5175 /* DecodableDictionary.json in Resources */,
			);
			runOnlyForDeploymentPostprocessing = 0;
		};
/* End PBXResourcesBuildPhase section */

/* Begin PBXShellScriptBuildPhase section */
		352326AD2DCA5CA2005875C8 /* SwiftLint */ = {
			isa = PBXShellScriptBuildPhase;
			alwaysOutOfDate = 1;
			buildActionMask = 2147483647;
			files = (
			);
			inputFileListPaths = (
			);
			inputPaths = (
			);
			name = SwiftLint;
			outputFileListPaths = (
			);
			outputPaths = (
			);
			runOnlyForDeploymentPostprocessing = 0;
			shellPath = /bin/sh;
			shellScript = "if [[ \"$(uname -m)\" == arm64 ]]\nthen\n    export PATH=\"/opt/homebrew/bin:$PATH\"\nfi\n\nif command -v swiftlint >/dev/null 2>&1\nthen\n    swiftlint\nelse\n    echo \"warning: `swiftlint` command not found - See https://github.com/realm/SwiftLint#installation for installation instructions.\"\nfi\n";
		};
/* End PBXShellScriptBuildPhase section */

/* Begin PBXSourcesBuildPhase section */
		351F24D82D8488DA00C07C4E /* Sources */ = {
			isa = PBXSourcesBuildPhase;
			buildActionMask = 2147483647;
			files = (
				352715C62D858396003C16AB /* Filter.swift in Sources */,
				3560174C2DB4E86900919498 /* Award.swift in Sources */,
				352715BD2D8582AA003C16AB /* DataController.swift in Sources */,
				351920302DB2ABF200655D25 /* Bundle-Decodable.swift in Sources */,
				352715BF2D8582AA003C16AB /* Main.xcdatamodeld in Sources */,
				352715C02D8582AA003C16AB /* PortfolioAppApp.swift in Sources */,
				35258D122D86CDFC005FF24A /* Issue-CoreDataHelper.swift in Sources */,
				352561002DC90354007855BE /* SmartFilterRow.swift in Sources */,
				35258D142D86CF27005FF24A /* Tag-CoreDataHelper.swift in Sources */,
				35FB0D372D871807008267EC /* IssueRow.swift in Sources */,
				35A0B8932DD38B8700BB9EA3 /* ContentViewToolbar.swift in Sources */,
				35A0B8812DD3886000BB9EA3 /* AwardView.swift in Sources */,
				35A0B8822DD3886000BB9EA3 /* ContentView.swift in Sources */,
				35A0B8832DD3886000BB9EA3 /* DetailView.swift in Sources */,
				35A0B8842DD3886000BB9EA3 /* IssueView.swift in Sources */,
				35A0B8852DD3886000BB9EA3 /* IssueViewToolbar.swift in Sources */,
				35A0B8862DD3886000BB9EA3 /* NoIssueView.swift in Sources */,
				35A0B8872DD3886000BB9EA3 /* SidebarView.swift in Sources */,
				35A0B8882DD3886000BB9EA3 /* SidebarViewToolbar.swift in Sources */,
				35A0B8892DD3886000BB9EA3 /* TagsMenuView.swift in Sources */,
				35A0B88A2DD3886000BB9EA3 /* UserFilterRow.swift in Sources */,
			);
			runOnlyForDeploymentPostprocessing = 0;
		};
		354981932DE20EAD009BC2F0 /* Sources */ = {
			isa = PBXSourcesBuildPhase;
			buildActionMask = 2147483647;
			files = (
				354981A52DE20F66009BC2F0 /* PortfolioAppUITests.swift in Sources */,
				354981A62DE20F66009BC2F0 /* PortfolioAppUITestsLaunchTests.swift in Sources */,
				35E7E8942DE4403600DA0D98 /* XCUIElementExt.swift in Sources */,
			);
			runOnlyForDeploymentPostprocessing = 0;
		};
		35CA35DE2DD4DDB0004AF02F /* Sources */ = {
			isa = PBXSourcesBuildPhase;
			buildActionMask = 2147483647;
			files = (
				3581190B2DE180A500C5CDCA /* PerformanceTests.swift in Sources */,
				35CA35EF2DD4E12B004AF02F /* AssetTests.swift in Sources */,
				35FB8B262DD84E40004F574A /* AwardTests.swift in Sources */,
				35FB8B242DD78C0B004F574A /* TagTests.swift in Sources */,
				35D5FA4A2DDB7786007A80DB /* ExtensionTests.swift in Sources */,
				35CA35ED2DD4DDBE004AF02F /* BaseTestCase.swift in Sources */,
				3578FA412DD8D31600892FF0 /* DevelopmentTests.swift in Sources */,
			);
			runOnlyForDeploymentPostprocessing = 0;
		};
/* End PBXSourcesBuildPhase section */

/* Begin PBXTargetDependency section */
		3549819E2DE20EAD009BC2F0 /* PBXTargetDependency */ = {
			isa = PBXTargetDependency;
			target = 351F24DB2D8488DA00C07C4E /* PortfolioApp */;
			targetProxy = 3549819D2DE20EAD009BC2F0 /* PBXContainerItemProxy */;
		};
		35CA35E72DD4DDB0004AF02F /* PBXTargetDependency */ = {
			isa = PBXTargetDependency;
			target = 351F24DB2D8488DA00C07C4E /* PortfolioApp */;
			targetProxy = 35CA35E62DD4DDB0004AF02F /* PBXContainerItemProxy */;
		};
/* End PBXTargetDependency section */

/* Begin PBXVariantGroup section */
		355A17792DC1235600D24A4C /* Awards.json */ = {
			isa = PBXVariantGroup;
			children = (
				355A17782DC1235600D24A4C /* vi */,
				35EE64992DC61DCE0029B7BB /* en */,
				35EE649A2DC61DD50029B7BB /* Base */,
			);
			name = Awards.json;
			sourceTree = "<group>";
		};
/* End PBXVariantGroup section */

/* Begin XCBuildConfiguration section */
		351F24ED2D8488DB00C07C4E /* Debug */ = {
			isa = XCBuildConfiguration;
			buildSettings = {
				ALWAYS_SEARCH_USER_PATHS = NO;
				ASSETCATALOG_COMPILER_GENERATE_SWIFT_ASSET_SYMBOL_EXTENSIONS = YES;
				CLANG_ANALYZER_LOCALIZABILITY_NONLOCALIZED = YES;
				CLANG_ANALYZER_NONNULL = YES;
				CLANG_ANALYZER_NUMBER_OBJECT_CONVERSION = YES_AGGRESSIVE;
				CLANG_CXX_LANGUAGE_STANDARD = "gnu++20";
				CLANG_ENABLE_MODULES = YES;
				CLANG_ENABLE_OBJC_ARC = YES;
				CLANG_ENABLE_OBJC_WEAK = YES;
				CLANG_WARN_BLOCK_CAPTURE_AUTORELEASING = YES;
				CLANG_WARN_BOOL_CONVERSION = YES;
				CLANG_WARN_COMMA = YES;
				CLANG_WARN_CONSTANT_CONVERSION = YES;
				CLANG_WARN_DEPRECATED_OBJC_IMPLEMENTATIONS = YES;
				CLANG_WARN_DIRECT_OBJC_ISA_USAGE = YES_ERROR;
				CLANG_WARN_DOCUMENTATION_COMMENTS = YES;
				CLANG_WARN_EMPTY_BODY = YES;
				CLANG_WARN_ENUM_CONVERSION = YES;
				CLANG_WARN_INFINITE_RECURSION = YES;
				CLANG_WARN_INT_CONVERSION = YES;
				CLANG_WARN_NON_LITERAL_NULL_CONVERSION = YES;
				CLANG_WARN_OBJC_IMPLICIT_RETAIN_SELF = YES;
				CLANG_WARN_OBJC_LITERAL_CONVERSION = YES;
				CLANG_WARN_OBJC_ROOT_CLASS = YES_ERROR;
				CLANG_WARN_QUOTED_INCLUDE_IN_FRAMEWORK_HEADER = YES;
				CLANG_WARN_RANGE_LOOP_ANALYSIS = YES;
				CLANG_WARN_STRICT_PROTOTYPES = YES;
				CLANG_WARN_SUSPICIOUS_MOVE = YES;
				CLANG_WARN_UNGUARDED_AVAILABILITY = YES_AGGRESSIVE;
				CLANG_WARN_UNREACHABLE_CODE = YES;
				CLANG_WARN__DUPLICATE_METHOD_MATCH = YES;
				COPY_PHASE_STRIP = NO;
				DEBUG_INFORMATION_FORMAT = dwarf;
				DEVELOPMENT_TEAM = DRX889FW83;
				ENABLE_STRICT_OBJC_MSGSEND = YES;
				ENABLE_TESTABILITY = YES;
				ENABLE_USER_SCRIPT_SANDBOXING = YES;
				GCC_C_LANGUAGE_STANDARD = gnu17;
				GCC_DYNAMIC_NO_PIC = NO;
				GCC_NO_COMMON_BLOCKS = YES;
				GCC_OPTIMIZATION_LEVEL = 0;
				GCC_PREPROCESSOR_DEFINITIONS = (
					"DEBUG=1",
					"$(inherited)",
				);
				GCC_WARN_64_TO_32_BIT_CONVERSION = YES;
				GCC_WARN_ABOUT_RETURN_TYPE = YES_ERROR;
				GCC_WARN_UNDECLARED_SELECTOR = YES;
				GCC_WARN_UNINITIALIZED_AUTOS = YES_AGGRESSIVE;
				GCC_WARN_UNUSED_FUNCTION = YES;
				GCC_WARN_UNUSED_VARIABLE = YES;
				IPHONEOS_DEPLOYMENT_TARGET = 18.0;
				LOCALIZATION_PREFERS_STRING_CATALOGS = YES;
				MTL_ENABLE_DEBUG_INFO = INCLUDE_SOURCE;
				MTL_FAST_MATH = YES;
				ONLY_ACTIVE_ARCH = YES;
				SDKROOT = iphoneos;
				SWIFT_ACTIVE_COMPILATION_CONDITIONS = "DEBUG $(inherited)";
				SWIFT_EMIT_LOC_STRINGS = YES;
				SWIFT_OPTIMIZATION_LEVEL = "-Onone";
			};
			name = Debug;
		};
		351F24EE2D8488DB00C07C4E /* Release */ = {
			isa = XCBuildConfiguration;
			buildSettings = {
				ALWAYS_SEARCH_USER_PATHS = NO;
				ASSETCATALOG_COMPILER_GENERATE_SWIFT_ASSET_SYMBOL_EXTENSIONS = YES;
				CLANG_ANALYZER_LOCALIZABILITY_NONLOCALIZED = YES;
				CLANG_ANALYZER_NONNULL = YES;
				CLANG_ANALYZER_NUMBER_OBJECT_CONVERSION = YES_AGGRESSIVE;
				CLANG_CXX_LANGUAGE_STANDARD = "gnu++20";
				CLANG_ENABLE_MODULES = YES;
				CLANG_ENABLE_OBJC_ARC = YES;
				CLANG_ENABLE_OBJC_WEAK = YES;
				CLANG_WARN_BLOCK_CAPTURE_AUTORELEASING = YES;
				CLANG_WARN_BOOL_CONVERSION = YES;
				CLANG_WARN_COMMA = YES;
				CLANG_WARN_CONSTANT_CONVERSION = YES;
				CLANG_WARN_DEPRECATED_OBJC_IMPLEMENTATIONS = YES;
				CLANG_WARN_DIRECT_OBJC_ISA_USAGE = YES_ERROR;
				CLANG_WARN_DOCUMENTATION_COMMENTS = YES;
				CLANG_WARN_EMPTY_BODY = YES;
				CLANG_WARN_ENUM_CONVERSION = YES;
				CLANG_WARN_INFINITE_RECURSION = YES;
				CLANG_WARN_INT_CONVERSION = YES;
				CLANG_WARN_NON_LITERAL_NULL_CONVERSION = YES;
				CLANG_WARN_OBJC_IMPLICIT_RETAIN_SELF = YES;
				CLANG_WARN_OBJC_LITERAL_CONVERSION = YES;
				CLANG_WARN_OBJC_ROOT_CLASS = YES_ERROR;
				CLANG_WARN_QUOTED_INCLUDE_IN_FRAMEWORK_HEADER = YES;
				CLANG_WARN_RANGE_LOOP_ANALYSIS = YES;
				CLANG_WARN_STRICT_PROTOTYPES = YES;
				CLANG_WARN_SUSPICIOUS_MOVE = YES;
				CLANG_WARN_UNGUARDED_AVAILABILITY = YES_AGGRESSIVE;
				CLANG_WARN_UNREACHABLE_CODE = YES;
				CLANG_WARN__DUPLICATE_METHOD_MATCH = YES;
				COPY_PHASE_STRIP = NO;
				DEBUG_INFORMATION_FORMAT = "dwarf-with-dsym";
				DEVELOPMENT_TEAM = DRX889FW83;
				ENABLE_NS_ASSERTIONS = NO;
				ENABLE_STRICT_OBJC_MSGSEND = YES;
				ENABLE_USER_SCRIPT_SANDBOXING = YES;
				GCC_C_LANGUAGE_STANDARD = gnu17;
				GCC_NO_COMMON_BLOCKS = YES;
				GCC_WARN_64_TO_32_BIT_CONVERSION = YES;
				GCC_WARN_ABOUT_RETURN_TYPE = YES_ERROR;
				GCC_WARN_UNDECLARED_SELECTOR = YES;
				GCC_WARN_UNINITIALIZED_AUTOS = YES_AGGRESSIVE;
				GCC_WARN_UNUSED_FUNCTION = YES;
				GCC_WARN_UNUSED_VARIABLE = YES;
				IPHONEOS_DEPLOYMENT_TARGET = 18.0;
				LOCALIZATION_PREFERS_STRING_CATALOGS = YES;
				MTL_ENABLE_DEBUG_INFO = NO;
				MTL_FAST_MATH = YES;
				SDKROOT = iphoneos;
				SWIFT_COMPILATION_MODE = wholemodule;
				SWIFT_EMIT_LOC_STRINGS = YES;
				VALIDATE_PRODUCT = YES;
			};
			name = Release;
		};
		351F24F02D8488DB00C07C4E /* Debug */ = {
			isa = XCBuildConfiguration;
			buildSettings = {
				ASSETCATALOG_COMPILER_APPICON_NAME = AppIcon;
				ASSETCATALOG_COMPILER_GLOBAL_ACCENT_COLOR_NAME = AccentColor;
				CODE_SIGN_STYLE = Automatic;
				CURRENT_PROJECT_VERSION = 1;
				DEVELOPMENT_ASSET_PATHS = "\"PortfolioApp/Preview Content\"";
				ENABLE_PREVIEWS = YES;
				ENABLE_USER_SCRIPT_SANDBOXING = NO;
				GENERATE_INFOPLIST_FILE = YES;
				INFOPLIST_FILE = PortfolioApp/Configuration/Info.plist;
				INFOPLIST_KEY_UIApplicationSceneManifest_Generation = YES;
				INFOPLIST_KEY_UIApplicationSupportsIndirectInputEvents = YES;
				INFOPLIST_KEY_UILaunchScreen_Generation = YES;
				INFOPLIST_KEY_UISupportedInterfaceOrientations_iPad = "UIInterfaceOrientationPortrait UIInterfaceOrientationPortraitUpsideDown UIInterfaceOrientationLandscapeLeft UIInterfaceOrientationLandscapeRight";
				INFOPLIST_KEY_UISupportedInterfaceOrientations_iPhone = "UIInterfaceOrientationPortrait UIInterfaceOrientationLandscapeLeft UIInterfaceOrientationLandscapeRight";
				IPHONEOS_DEPLOYMENT_TARGET = 17;
				LD_RUNPATH_SEARCH_PATHS = (
					"$(inherited)",
					"@executable_path/Frameworks",
				);
				MARKETING_VERSION = 1.0;
				PRODUCT_BUNDLE_IDENTIFIER = VinhPhan.PortfolioApp;
				PRODUCT_NAME = "$(TARGET_NAME)";
				SUPPORTED_PLATFORMS = "iphoneos iphonesimulator";
				SUPPORTS_MACCATALYST = NO;
				SUPPORTS_XR_DESIGNED_FOR_IPHONE_IPAD = NO;
				SWIFT_EMIT_LOC_STRINGS = YES;
				SWIFT_VERSION = 5.0;
				TARGETED_DEVICE_FAMILY = "1,2";
			};
			name = Debug;
		};
		351F24F12D8488DB00C07C4E /* Release */ = {
			isa = XCBuildConfiguration;
			buildSettings = {
				ASSETCATALOG_COMPILER_APPICON_NAME = AppIcon;
				ASSETCATALOG_COMPILER_GLOBAL_ACCENT_COLOR_NAME = AccentColor;
				CODE_SIGN_STYLE = Automatic;
				CURRENT_PROJECT_VERSION = 1;
				DEVELOPMENT_ASSET_PATHS = "\"PortfolioApp/Preview Content\"";
				ENABLE_PREVIEWS = YES;
				ENABLE_USER_SCRIPT_SANDBOXING = NO;
				GENERATE_INFOPLIST_FILE = YES;
				INFOPLIST_FILE = PortfolioApp/Configuration/Info.plist;
				INFOPLIST_KEY_UIApplicationSceneManifest_Generation = YES;
				INFOPLIST_KEY_UIApplicationSupportsIndirectInputEvents = YES;
				INFOPLIST_KEY_UILaunchScreen_Generation = YES;
				INFOPLIST_KEY_UISupportedInterfaceOrientations_iPad = "UIInterfaceOrientationPortrait UIInterfaceOrientationPortraitUpsideDown UIInterfaceOrientationLandscapeLeft UIInterfaceOrientationLandscapeRight";
				INFOPLIST_KEY_UISupportedInterfaceOrientations_iPhone = "UIInterfaceOrientationPortrait UIInterfaceOrientationLandscapeLeft UIInterfaceOrientationLandscapeRight";
				IPHONEOS_DEPLOYMENT_TARGET = 17;
				LD_RUNPATH_SEARCH_PATHS = (
					"$(inherited)",
					"@executable_path/Frameworks",
				);
				MARKETING_VERSION = 1.0;
				PRODUCT_BUNDLE_IDENTIFIER = VinhPhan.PortfolioApp;
				PRODUCT_NAME = "$(TARGET_NAME)";
				SUPPORTED_PLATFORMS = "iphoneos iphonesimulator";
				SUPPORTS_MACCATALYST = NO;
				SUPPORTS_XR_DESIGNED_FOR_IPHONE_IPAD = NO;
				SWIFT_EMIT_LOC_STRINGS = YES;
				SWIFT_VERSION = 5.0;
				TARGETED_DEVICE_FAMILY = "1,2";
			};
			name = Release;
		};
		3549819F2DE20EAD009BC2F0 /* Debug */ = {
			isa = XCBuildConfiguration;
			buildSettings = {
				CODE_SIGN_STYLE = Automatic;
				CURRENT_PROJECT_VERSION = 1;
				DEVELOPMENT_TEAM = DRX889FW83;
				GENERATE_INFOPLIST_FILE = YES;
				IPHONEOS_DEPLOYMENT_TARGET = 18.4;
				MARKETING_VERSION = 1.0;
				PRODUCT_BUNDLE_IDENTIFIER = VinhPhan.PortfolioAppUITests;
				PRODUCT_NAME = "$(TARGET_NAME)";
				REGISTER_APP_GROUPS = YES;
				SUPPORTED_PLATFORMS = "iphoneos iphonesimulator macosx";
				SUPPORTS_MACCATALYST = YES;
				SWIFT_EMIT_LOC_STRINGS = NO;
				SWIFT_VERSION = 5.0;
				TARGETED_DEVICE_FAMILY = "1,2";
				TEST_TARGET_NAME = PortfolioApp;
			};
			name = Debug;
		};
		354981A02DE20EAD009BC2F0 /* Release */ = {
			isa = XCBuildConfiguration;
			buildSettings = {
				CODE_SIGN_STYLE = Automatic;
				CURRENT_PROJECT_VERSION = 1;
				DEVELOPMENT_TEAM = DRX889FW83;
				GENERATE_INFOPLIST_FILE = YES;
				IPHONEOS_DEPLOYMENT_TARGET = 18.4;
				MARKETING_VERSION = 1.0;
				PRODUCT_BUNDLE_IDENTIFIER = VinhPhan.PortfolioAppUITests;
				PRODUCT_NAME = "$(TARGET_NAME)";
				REGISTER_APP_GROUPS = YES;
				SUPPORTED_PLATFORMS = "iphoneos iphonesimulator macosx";
				SUPPORTS_MACCATALYST = YES;
				SWIFT_EMIT_LOC_STRINGS = NO;
				SWIFT_VERSION = 5.0;
				TARGETED_DEVICE_FAMILY = "1,2";
				TEST_TARGET_NAME = PortfolioApp;
			};
			name = Release;
		};
		35CA35E82DD4DDB0004AF02F /* Debug */ = {
			isa = XCBuildConfiguration;
			buildSettings = {
				BUNDLE_LOADER = "$(TEST_HOST)";
				CODE_SIGN_STYLE = Automatic;
				CURRENT_PROJECT_VERSION = 1;
				DEVELOPMENT_TEAM = DRX889FW83;
				GENERATE_INFOPLIST_FILE = YES;
				IPHONEOS_DEPLOYMENT_TARGET = 17;
				MARKETING_VERSION = 1.0;
				PRODUCT_BUNDLE_IDENTIFIER = VinhPhan.PortfolioAppTests;
				PRODUCT_NAME = "$(TARGET_NAME)";
				REGISTER_APP_GROUPS = YES;
				SUPPORTED_PLATFORMS = "iphoneos iphonesimulator macosx";
				SUPPORTS_MACCATALYST = YES;
				SWIFT_EMIT_LOC_STRINGS = NO;
				SWIFT_VERSION = 5.0;
				TARGETED_DEVICE_FAMILY = "1,2";
				TEST_HOST = "$(BUILT_PRODUCTS_DIR)/PortfolioApp.app/$(BUNDLE_EXECUTABLE_FOLDER_PATH)/PortfolioApp";
			};
			name = Debug;
		};
		35CA35E92DD4DDB0004AF02F /* Release */ = {
			isa = XCBuildConfiguration;
			buildSettings = {
				BUNDLE_LOADER = "$(TEST_HOST)";
				CODE_SIGN_STYLE = Automatic;
				CURRENT_PROJECT_VERSION = 1;
				DEVELOPMENT_TEAM = DRX889FW83;
				GENERATE_INFOPLIST_FILE = YES;
				IPHONEOS_DEPLOYMENT_TARGET = 17;
				MARKETING_VERSION = 1.0;
				PRODUCT_BUNDLE_IDENTIFIER = VinhPhan.PortfolioAppTests;
				PRODUCT_NAME = "$(TARGET_NAME)";
				REGISTER_APP_GROUPS = YES;
				SUPPORTED_PLATFORMS = "iphoneos iphonesimulator macosx";
				SUPPORTS_MACCATALYST = YES;
				SWIFT_EMIT_LOC_STRINGS = NO;
				SWIFT_VERSION = 5.0;
				TARGETED_DEVICE_FAMILY = "1,2";
				TEST_HOST = "$(BUILT_PRODUCTS_DIR)/PortfolioApp.app/$(BUNDLE_EXECUTABLE_FOLDER_PATH)/PortfolioApp";
			};
			name = Release;
		};
/* End XCBuildConfiguration section */

/* Begin XCConfigurationList section */
		351F24D72D8488DA00C07C4E /* Build configuration list for PBXProject "PortfolioApp" */ = {
			isa = XCConfigurationList;
			buildConfigurations = (
				351F24ED2D8488DB00C07C4E /* Debug */,
				351F24EE2D8488DB00C07C4E /* Release */,
			);
			defaultConfigurationIsVisible = 0;
			defaultConfigurationName = Release;
		};
		351F24EF2D8488DB00C07C4E /* Build configuration list for PBXNativeTarget "PortfolioApp" */ = {
			isa = XCConfigurationList;
			buildConfigurations = (
				351F24F02D8488DB00C07C4E /* Debug */,
				351F24F12D8488DB00C07C4E /* Release */,
			);
			defaultConfigurationIsVisible = 0;
			defaultConfigurationName = Release;
		};
		354981A12DE20EAD009BC2F0 /* Build configuration list for PBXNativeTarget "PortfolioAppUITests" */ = {
			isa = XCConfigurationList;
			buildConfigurations = (
				3549819F2DE20EAD009BC2F0 /* Debug */,
				354981A02DE20EAD009BC2F0 /* Release */,
			);
			defaultConfigurationIsVisible = 0;
			defaultConfigurationName = Release;
		};
		35CA35EA2DD4DDB0004AF02F /* Build configuration list for PBXNativeTarget "PortfolioAppTests" */ = {
			isa = XCConfigurationList;
			buildConfigurations = (
				35CA35E82DD4DDB0004AF02F /* Debug */,
				35CA35E92DD4DDB0004AF02F /* Release */,
			);
			defaultConfigurationIsVisible = 0;
			defaultConfigurationName = Release;
		};
/* End XCConfigurationList section */

/* Begin XCVersionGroup section */
		352715B72D8582AA003C16AB /* Main.xcdatamodeld */ = {
			isa = XCVersionGroup;
			children = (
				352715BB2D8582AA003C16AB /* Main.xcdatamodel */,
			);
			currentVersion = 352715BB2D8582AA003C16AB /* Main.xcdatamodel */;
			path = Main.xcdatamodeld;
			sourceTree = "<group>";
			versionGroupType = wrapper.xcdatamodel;
		};
/* End XCVersionGroup section */
	};
	rootObject = 351F24D42D8488DA00C07C4E /* Project object */;
}
